
Microsoft Visual Studio Solution File, Format Version 12.00
# Visual Studio Version 16
VisualStudioVersion = 16.0.30517.126
MinimumVisualStudioVersion = 10.0.40219.1
Project("{FAE04EC0-301F-11D3-BF4B-00C04F79EFBC}") = "FamilyArchive", "FamilyArchive\FamilyArchive.csproj", "{88D30504-B1E5-4C6B-8912-7D745D86F3AF}"
EndProject
Global
	GlobalSection(SolutionConfigurationPlatforms) = preSolution
		Debug|Any CPU = Debug|Any CPU
		Release|Any CPU = Release|Any CPU
	EndGlobalSection
	GlobalSection(ProjectConfigurationPlatforms) = postSolution
		{88D30504-B1E5-4C6B-8912-7D745D86F3AF}.Debug|Any CPU.ActiveCfg = Debug|Any CPU
		{88D30504-B1E5-4C6B-8912-7D745D86F3AF}.Debug|Any CPU.Build.0 = Debug|Any CPU
		{88D30504-B1E5-4C6B-8912-7D745D86F3AF}.Release|Any CPU.ActiveCfg = Release|Any CPU
		{88D30504-B1E5-4C6B-8912-7D745D86F3AF}.Release|Any CPU.Build.0 = Release|Any CPU
	EndGlobalSection
	GlobalSection(SolutionProperties) = preSolution
		HideSolutionNode = FALSE
	EndGlobalSection
	GlobalSection(ExtensibilityGlobals) = postSolution
		SolutionGuid = {BA74540B-326D-4748-AD35-4FAF97813EA1}
	EndGlobalSection
EndGlobal
